
Microsoft Visual Studio Solution File, Format Version 12.00
# Visual Studio Version 17
VisualStudioVersion = 17.8.34309.116
MinimumVisualStudioVersion = 10.0.40219.1
Project("{FAE04EC0-301F-11D3-BF4B-00C04F79EFBC}") = "Internship-2-C-Sharp", "Internship-2-C-Sharp.csproj", "{0466BF64-6EAA-464F-B91E-AED711C4F321}"
EndProject
Global
	GlobalSection(SolutionConfigurationPlatforms) = preSolution
		Debug|Any CPU = Debug|Any CPU
		Release|Any CPU = Release|Any CPU
	EndGlobalSection
	GlobalSection(ProjectConfigurationPlatforms) = postSolution
		{0466BF64-6EAA-464F-B91E-AED711C4F321}.Debug|Any CPU.ActiveCfg = Debug|Any CPU
		{0466BF64-6EAA-464F-B91E-AED711C4F321}.Debug|Any CPU.Build.0 = Debug|Any CPU
		{0466BF64-6EAA-464F-B91E-AED711C4F321}.Release|Any CPU.ActiveCfg = Release|Any CPU
		{0466BF64-6EAA-464F-B91E-AED711C4F321}.Release|Any CPU.Build.0 = Release|Any CPU
	EndGlobalSection
	GlobalSection(SolutionProperties) = preSolution
		HideSolutionNode = FALSE
	EndGlobalSection
	GlobalSection(ExtensibilityGlobals) = postSolution
		SolutionGuid = {6F3842E0-4BC4-4EFC-9EF1-E49A14D0A1C6}
	EndGlobalSection
EndGlobal
